<?xml version="1.0" encoding="utf-8"?>
<Project ToolsVersion="4.0" xmlns="http://schemas.microsoft.com/developer/msbuild/2003">
  <ItemGroup>
    <Filter Include="Quelldateien">
      <UniqueIdentifier>{4FC737F1-C7A5-4376-A066-2A32D752A2FF}</UniqueIdentifier>
      <Extensions>cpp;c;cc;cxx;c++;cppm;ixx;def;odl;idl;hpj;bat;asm;asmx</Extensions>
    </Filter>
    <Filter Include="Headerdateien">
      <UniqueIdentifier>{93995380-89BD-4b04-88EB-625FBE52EBFB}</UniqueIdentifier>
      <Extensions>h;hh;hpp;hxx;h++;hm;inl;inc;ipp;xsd</Extensions>
    </Filter>
    <Filter Include="Ressourcendateien">
      <UniqueIdentifier>{67DA6AB6-F800-4c08-8B7A-83BB121AAD01}</UniqueIdentifier>
      <Extensions>rc;ico;cur;bmp;dlg;rc2;rct;bin;rgs;gif;jpg;jpeg;jpe;resx;tiff;tif;png;wav;mfcribbon-ms</Extensions>
    </Filter>
  </ItemGroup>
  <ItemGroup>
    <ClCompile Include="AlgorithmsAndDataStructures.cpp">
      <Filter>Quelldateien</Filter>
    </ClCompile>
    <ClCompile Include="list\Node.cpp">
      <Filter>Quelldateien</Filter>
    </ClCompile>
    <ClCompile Include="list\Iterator.cpp">
      <Filter>Quelldateien</Filter>
    </ClCompile>
    <ClCompile Include="list\Reverse_Iteratorr.cpp">
      <Filter>Quelldateien</Filter>
    </ClCompile>
    <ClCompile Include="list\Const_Iterator.cpp">
      <Filter>Quelldateien</Filter>
    </ClCompile>
    <ClCompile Include="list\Const_Reverse_Iterator.cpp">
      <Filter>Quelldateien</Filter>
    </ClCompile>
    <ClCompile Include="hash_map\Hash_Map.cpp">
      <Filter>Quelldateien</Filter>
    </ClCompile>
    <ClCompile Include="hash_map\Map_Node.cpp">
      <Filter>Quelldateien</Filter>
    </ClCompile>
    <ClCompile Include="hash_map\Iterator_Map.cpp">
      <Filter>Quelldateien</Filter>
    </ClCompile>
    <ClCompile Include="hash_map\Reverse_Iterator_Map.cpp">
      <Filter>Quelldateien</Filter>
    </ClCompile>
  </ItemGroup>
  <ItemGroup>
    <ClInclude Include="list\Node.h">
      <Filter>Headerdateien</Filter>
    </ClInclude>
    <ClInclude Include="list\List.h">
      <Filter>Headerdateien</Filter>
    </ClInclude>
    <ClInclude Include="list\Iterator.h">
      <Filter>Headerdateien</Filter>
    </ClInclude>
    <ClInclude Include="list\Reverse_Iterator.h">
      <Filter>Headerdateien</Filter>
    </ClInclude>
    <ClInclude Include="list\Const_Iterator.h">
      <Filter>Headerdateien</Filter>
    </ClInclude>
    <ClInclude Include="list\Const_Reverse_Iterator.h">
      <Filter>Headerdateien</Filter>
    </ClInclude>
    <ClInclude Include="hash_map\Hash_Map.h">
      <Filter>Headerdateien</Filter>
    </ClInclude>
    <ClInclude Include="hash_map\Map_Node.h">
      <Filter>Headerdateien</Filter>
    </ClInclude>
    <ClInclude Include="hash_map\Iterator_Map.h">
      <Filter>Headerdateien</Filter>
    </ClInclude>
    <ClInclude Include="hash_map\Reverse_Iterator_Map.h">
      <Filter>Headerdateien</Filter>
    </ClInclude>
  </ItemGroup>
</Project>